
Microsoft Visual Studio Solution File, Format Version 12.00
# Visual Studio 15
VisualStudioVersion = 15.0.28307.438
MinimumVisualStudioVersion = 10.0.40219.1
Project("{FAE04EC0-301F-11D3-BF4B-00C04F79EFBC}") = "Serenity.Android", "Serenity\Serenity.Android\Serenity.Android.csproj", "{5077FA02-4615-4794-8D25-8B22D9D6525A}"
EndProject
Project("{FAE04EC0-301F-11D3-BF4B-00C04F79EFBC}") = "Serenity.iOS", "Serenity\Serenity.iOS\Serenity.iOS.csproj", "{599659B4-7124-4A44-9B17-499015EB10B3}"
EndProject
Project("{FAE04EC0-301F-11D3-BF4B-00C04F79EFBC}") = "Serenity.UWP", "Serenity\Serenity.UWP\Serenity.UWP.csproj", "{6D4D122C-B148-4FB6-8A41-395DFF408489}"
EndProject
Project("{FAE04EC0-301F-11D3-BF4B-00C04F79EFBC}") = "Serenity", "Serenity\Serenity\Serenity.csproj", "{D1058C87-0F68-4B7A-881C-91A4B21CF6E0}"
EndProject
Global
	GlobalSection(SolutionConfigurationPlatforms) = preSolution
		Ad-Hoc|Any CPU = Ad-Hoc|Any CPU
		Ad-Hoc|ARM = Ad-Hoc|ARM
		Ad-Hoc|iPhone = Ad-Hoc|iPhone
		Ad-Hoc|iPhoneSimulator = Ad-Hoc|iPhoneSimulator
		Ad-Hoc|x64 = Ad-Hoc|x64
		Ad-Hoc|x86 = Ad-Hoc|x86
		AppStore|Any CPU = AppStore|Any CPU
		AppStore|ARM = AppStore|ARM
		AppStore|iPhone = AppStore|iPhone
		AppStore|iPhoneSimulator = AppStore|iPhoneSimulator
		AppStore|x64 = AppStore|x64
		AppStore|x86 = AppStore|x86
		Debug|Any CPU = Debug|Any CPU
		Debug|ARM = Debug|ARM
		Debug|iPhone = Debug|iPhone
		Debug|iPhoneSimulator = Debug|iPhoneSimulator
		Debug|x64 = Debug|x64
		Debug|x86 = Debug|x86
		Release|Any CPU = Release|Any CPU
		Release|ARM = Release|ARM
		Release|iPhone = Release|iPhone
		Release|iPhoneSimulator = Release|iPhoneSimulator
		Release|x64 = Release|x64
		Release|x86 = Release|x86
	EndGlobalSection
	GlobalSection(ProjectConfigurationPlatforms) = postSolution
		{5077FA02-4615-4794-8D25-8B22D9D6525A}.Ad-Hoc|Any CPU.ActiveCfg = Release|Any CPU
		{5077FA02-4615-4794-8D25-8B22D9D6525A}.Ad-Hoc|Any CPU.Build.0 = Release|Any CPU
		{5077FA02-4615-4794-8D25-8B22D9D6525A}.Ad-Hoc|Any CPU.Deploy.0 = Release|Any CPU
		{5077FA02-4615-4794-8D25-8B22D9D6525A}.Ad-Hoc|ARM.ActiveCfg = Release|Any CPU
		{5077FA02-4615-4794-8D25-8B22D9D6525A}.Ad-Hoc|ARM.Build.0 = Release|Any CPU
		{5077FA02-4615-4794-8D25-8B22D9D6525A}.Ad-Hoc|ARM.Deploy.0 = Release|Any CPU
		{5077FA02-4615-4794-8D25-8B22D9D6525A}.Ad-Hoc|iPhone.ActiveCfg = Release|Any CPU
		{5077FA02-4615-4794-8D25-8B22D9D6525A}.Ad-Hoc|iPhone.Build.0 = Release|Any CPU
		{5077FA02-4615-4794-8D25-8B22D9D6525A}.Ad-Hoc|iPhone.Deploy.0 = Release|Any CPU
		{5077FA02-4615-4794-8D25-8B22D9D6525A}.Ad-Hoc|iPhoneSimulator.ActiveCfg = Release|Any CPU
		{5077FA02-4615-4794-8D25-8B22D9D6525A}.Ad-Hoc|iPhoneSimulator.Build.0 = Release|Any CPU
		{5077FA02-4615-4794-8D25-8B22D9D6525A}.Ad-Hoc|iPhoneSimulator.Deploy.0 = Release|Any CPU
		{5077FA02-4615-4794-8D25-8B22D9D6525A}.Ad-Hoc|x64.ActiveCfg = Release|Any CPU
		{5077FA02-4615-4794-8D25-8B22D9D6525A}.Ad-Hoc|x64.Build.0 = Release|Any CPU
		{5077FA02-4615-4794-8D25-8B22D9D6525A}.Ad-Hoc|x64.Deploy.0 = Release|Any CPU
		{5077FA02-4615-4794-8D25-8B22D9D6525A}.Ad-Hoc|x86.ActiveCfg = Release|Any CPU
		{5077FA02-4615-4794-8D25-8B22D9D6525A}.Ad-Hoc|x86.Build.0 = Release|Any CPU
		{5077FA02-4615-4794-8D25-8B22D9D6525A}.Ad-Hoc|x86.Deploy.0 = Release|Any CPU
		{5077FA02-4615-4794-8D25-8B22D9D6525A}.AppStore|Any CPU.ActiveCfg = Release|Any CPU
		{5077FA02-4615-4794-8D25-8B22D9D6525A}.AppStore|Any CPU.Build.0 = Release|Any CPU
		{5077FA02-4615-4794-8D25-8B22D9D6525A}.AppStore|Any CPU.Deploy.0 = Release|Any CPU
		{5077FA02-4615-4794-8D25-8B22D9D6525A}.AppStore|ARM.ActiveCfg = Release|Any CPU
		{5077FA02-4615-4794-8D25-8B22D9D6525A}.AppStore|ARM.Build.0 = Release|Any CPU
		{5077FA02-4615-4794-8D25-8B22D9D6525A}.AppStore|ARM.Deploy.0 = Release|Any CPU
		{5077FA02-4615-4794-8D25-8B22D9D6525A}.AppStore|iPhone.ActiveCfg = Release|Any CPU
		{5077FA02-4615-4794-8D25-8B22D9D6525A}.AppStore|iPhone.Build.0 = Release|Any CPU
		{5077FA02-4615-4794-8D25-8B22D9D6525A}.AppStore|iPhone.Deploy.0 = Release|Any CPU
		{5077FA02-4615-4794-8D25-8B22D9D6525A}.AppStore|iPhoneSimulator.ActiveCfg = Release|Any CPU
		{5077FA02-4615-4794-8D25-8B22D9D6525A}.AppStore|iPhoneSimulator.Build.0 = Release|Any CPU
		{5077FA02-4615-4794-8D25-8B22D9D6525A}.AppStore|iPhoneSimulator.Deploy.0 = Release|Any CPU
		{5077FA02-4615-4794-8D25-8B22D9D6525A}.AppStore|x64.ActiveCfg = Release|Any CPU
		{5077FA02-4615-4794-8D25-8B22D9D6525A}.AppStore|x64.Build.0 = Release|Any CPU
		{5077FA02-4615-4794-8D25-8B22D9D6525A}.AppStore|x64.Deploy.0 = Release|Any CPU
		{5077FA02-4615-4794-8D25-8B22D9D6525A}.AppStore|x86.ActiveCfg = Release|Any CPU
		{5077FA02-4615-4794-8D25-8B22D9D6525A}.AppStore|x86.Build.0 = Release|Any CPU
		{5077FA02-4615-4794-8D25-8B22D9D6525A}.AppStore|x86.Deploy.0 = Release|Any CPU
		{5077FA02-4615-4794-8D25-8B22D9D6525A}.Debug|Any CPU.ActiveCfg = Debug|Any CPU
		{5077FA02-4615-4794-8D25-8B22D9D6525A}.Debug|Any CPU.Build.0 = Debug|Any CPU
		{5077FA02-4615-4794-8D25-8B22D9D6525A}.Debug|Any CPU.Deploy.0 = Debug|Any CPU
		{5077FA02-4615-4794-8D25-8B22D9D6525A}.Debug|ARM.ActiveCfg = Debug|Any CPU
		{5077FA02-4615-4794-8D25-8B22D9D6525A}.Debug|ARM.Build.0 = Debug|Any CPU
		{5077FA02-4615-4794-8D25-8B22D9D6525A}.Debug|ARM.Deploy.0 = Debug|Any CPU
		{5077FA02-4615-4794-8D25-8B22D9D6525A}.Debug|iPhone.ActiveCfg = Debug|Any CPU
		{5077FA02-4615-4794-8D25-8B22D9D6525A}.Debug|iPhone.Build.0 = Debug|Any CPU
		{5077FA02-4615-4794-8D25-8B22D9D6525A}.Debug|iPhone.Deploy.0 = Debug|Any CPU
		{5077FA02-4615-4794-8D25-8B22D9D6525A}.Debug|iPhoneSimulator.ActiveCfg = Debug|Any CPU
		{5077FA02-4615-4794-8D25-8B22D9D6525A}.Debug|iPhoneSimulator.Build.0 = Debug|Any CPU
		{5077FA02-4615-4794-8D25-8B22D9D6525A}.Debug|iPhoneSimulator.Deploy.0 = Debug|Any CPU
		{5077FA02-4615-4794-8D25-8B22D9D6525A}.Debug|x64.ActiveCfg = Debug|Any CPU
		{5077FA02-4615-4794-8D25-8B22D9D6525A}.Debug|x64.Build.0 = Debug|Any CPU
		{5077FA02-4615-4794-8D25-8B22D9D6525A}.Debug|x64.Deploy.0 = Debug|Any CPU
		{5077FA02-4615-4794-8D25-8B22D9D6525A}.Debug|x86.ActiveCfg = Debug|Any CPU
		{5077FA02-4615-4794-8D25-8B22D9D6525A}.Debug|x86.Build.0 = Debug|Any CPU
		{5077FA02-4615-4794-8D25-8B22D9D6525A}.Debug|x86.Deploy.0 = Debug|Any CPU
		{5077FA02-4615-4794-8D25-8B22D9D6525A}.Release|Any CPU.ActiveCfg = Release|Any CPU
		{5077FA02-4615-4794-8D25-8B22D9D6525A}.Release|Any CPU.Build.0 = Release|Any CPU
		{5077FA02-4615-4794-8D25-8B22D9D6525A}.Release|Any CPU.Deploy.0 = Release|Any CPU
		{5077FA02-4615-4794-8D25-8B22D9D6525A}.Release|ARM.ActiveCfg = Release|Any CPU
		{5077FA02-4615-4794-8D25-8B22D9D6525A}.Release|ARM.Build.0 = Release|Any CPU
		{5077FA02-4615-4794-8D25-8B22D9D6525A}.Release|ARM.Deploy.0 = Release|Any CPU
		{5077FA02-4615-4794-8D25-8B22D9D6525A}.Release|iPhone.ActiveCfg = Release|Any CPU
		{5077FA02-4615-4794-8D25-8B22D9D6525A}.Release|iPhone.Build.0 = Release|Any CPU
		{5077FA02-4615-4794-8D25-8B22D9D6525A}.Release|iPhone.Deploy.0 = Release|Any CPU
		{5077FA02-4615-4794-8D25-8B22D9D6525A}.Release|iPhoneSimulator.ActiveCfg = Release|Any CPU
		{5077FA02-4615-4794-8D25-8B22D9D6525A}.Release|iPhoneSimulator.Build.0 = Release|Any CPU
		{5077FA02-4615-4794-8D25-8B22D9D6525A}.Release|iPhoneSimulator.Deploy.0 = Release|Any CPU
		{5077FA02-4615-4794-8D25-8B22D9D6525A}.Release|x64.ActiveCfg = Release|Any CPU
		{5077FA02-4615-4794-8D25-8B22D9D6525A}.Release|x64.Build.0 = Release|Any CPU
		{5077FA02-4615-4794-8D25-8B22D9D6525A}.Release|x64.Deploy.0 = Release|Any CPU
		{5077FA02-4615-4794-8D25-8B22D9D6525A}.Release|x86.ActiveCfg = Release|Any CPU
		{5077FA02-4615-4794-8D25-8B22D9D6525A}.Release|x86.Build.0 = Release|Any CPU
		{5077FA02-4615-4794-8D25-8B22D9D6525A}.Release|x86.Deploy.0 = Release|Any CPU
		{599659B4-7124-4A44-9B17-499015EB10B3}.Ad-Hoc|Any CPU.ActiveCfg = Ad-Hoc|iPhone
		{599659B4-7124-4A44-9B17-499015EB10B3}.Ad-Hoc|Any CPU.Build.0 = Ad-Hoc|iPhone
		{599659B4-7124-4A44-9B17-499015EB10B3}.Ad-Hoc|Any CPU.Deploy.0 = Ad-Hoc|iPhone
		{599659B4-7124-4A44-9B17-499015EB10B3}.Ad-Hoc|ARM.ActiveCfg = Ad-Hoc|iPhone
		{599659B4-7124-4A44-9B17-499015EB10B3}.Ad-Hoc|ARM.Build.0 = Ad-Hoc|iPhone
		{599659B4-7124-4A44-9B17-499015EB10B3}.Ad-Hoc|ARM.Deploy.0 = Ad-Hoc|iPhone
		{599659B4-7124-4A44-9B17-499015EB10B3}.Ad-Hoc|iPhone.ActiveCfg = Ad-Hoc|iPhone
		{599659B4-7124-4A44-9B17-499015EB10B3}.Ad-Hoc|iPhone.Build.0 = Ad-Hoc|iPhone
		{599659B4-7124-4A44-9B17-499015EB10B3}.Ad-Hoc|iPhone.Deploy.0 = Ad-Hoc|iPhone
		{599659B4-7124-4A44-9B17-499015EB10B3}.Ad-Hoc|iPhoneSimulator.ActiveCfg = Ad-Hoc|iPhoneSimulator
		{599659B4-7124-4A44-9B17-499015EB10B3}.Ad-Hoc|iPhoneSimulator.Build.0 = Ad-Hoc|iPhoneSimulator
		{599659B4-7124-4A44-9B17-499015EB10B3}.Ad-Hoc|iPhoneSimulator.Deploy.0 = Ad-Hoc|iPhoneSimulator
		{599659B4-7124-4A44-9B17-499015EB10B3}.Ad-Hoc|x64.ActiveCfg = Ad-Hoc|iPhone
		{599659B4-7124-4A44-9B17-499015EB10B3}.Ad-Hoc|x64.Build.0 = Ad-Hoc|iPhone
		{599659B4-7124-4A44-9B17-499015EB10B3}.Ad-Hoc|x64.Deploy.0 = Ad-Hoc|iPhone
		{599659B4-7124-4A44-9B17-499015EB10B3}.Ad-Hoc|x86.ActiveCfg = Ad-Hoc|iPhone
		{599659B4-7124-4A44-9B17-499015EB10B3}.Ad-Hoc|x86.Build.0 = Ad-Hoc|iPhone
		{599659B4-7124-4A44-9B17-499015EB10B3}.Ad-Hoc|x86.Deploy.0 = Ad-Hoc|iPhone
		{599659B4-7124-4A44-9B17-499015EB10B3}.AppStore|Any CPU.ActiveCfg = AppStore|iPhone
		{599659B4-7124-4A44-9B17-499015EB10B3}.AppStore|Any CPU.Build.0 = AppStore|iPhone
		{599659B4-7124-4A44-9B17-499015EB10B3}.AppStore|Any CPU.Deploy.0 = AppStore|iPhone
		{599659B4-7124-4A44-9B17-499015EB10B3}.AppStore|ARM.ActiveCfg = AppStore|iPhone
		{599659B4-7124-4A44-9B17-499015EB10B3}.AppStore|ARM.Build.0 = AppStore|iPhone
		{599659B4-7124-4A44-9B17-499015EB10B3}.AppStore|ARM.Deploy.0 = AppStore|iPhone
		{599659B4-7124-4A44-9B17-499015EB10B3}.AppStore|iPhone.ActiveCfg = AppStore|iPhone
		{599659B4-7124-4A44-9B17-499015EB10B3}.AppStore|iPhone.Build.0 = AppStore|iPhone
		{599659B4-7124-4A44-9B17-499015EB10B3}.AppStore|iPhone.Deploy.0 = AppStore|iPhone
		{599659B4-7124-4A44-9B17-499015EB10B3}.AppStore|iPhoneSimulator.ActiveCfg = AppStore|iPhoneSimulator
		{599659B4-7124-4A44-9B17-499015EB10B3}.AppStore|iPhoneSimulator.Build.0 = AppStore|iPhoneSimulator
		{599659B4-7124-4A44-9B17-499015EB10B3}.AppStore|iPhoneSimulator.Deploy.0 = AppStore|iPhoneSimulator
		{599659B4-7124-4A44-9B17-499015EB10B3}.AppStore|x64.ActiveCfg = AppStore|iPhone
		{599659B4-7124-4A44-9B17-499015EB10B3}.AppStore|x64.Build.0 = AppStore|iPhone
		{599659B4-7124-4A44-9B17-499015EB10B3}.AppStore|x64.Deploy.0 = AppStore|iPhone
		{599659B4-7124-4A44-9B17-499015EB10B3}.AppStore|x86.ActiveCfg = AppStore|iPhone
		{599659B4-7124-4A44-9B17-499015EB10B3}.AppStore|x86.Build.0 = AppStore|iPhone
		{599659B4-7124-4A44-9B17-499015EB10B3}.AppStore|x86.Deploy.0 = AppStore|iPhone
		{599659B4-7124-4A44-9B17-499015EB10B3}.Debug|Any CPU.ActiveCfg = Debug|iPhoneSimulator
		{599659B4-7124-4A44-9B17-499015EB10B3}.Debug|Any CPU.Build.0 = Debug|iPhoneSimulator
		{599659B4-7124-4A44-9B17-499015EB10B3}.Debug|Any CPU.Deploy.0 = Debug|iPhoneSimulator
		{599659B4-7124-4A44-9B17-499015EB10B3}.Debug|ARM.ActiveCfg = Debug|iPhone
		{599659B4-7124-4A44-9B17-499015EB10B3}.Debug|ARM.Build.0 = Debug|iPhone
		{599659B4-7124-4A44-9B17-499015EB10B3}.Debug|ARM.Deploy.0 = Debug|iPhone
		{599659B4-7124-4A44-9B17-499015EB10B3}.Debug|iPhone.ActiveCfg = Debug|iPhone
		{599659B4-7124-4A44-9B17-499015EB10B3}.Debug|iPhone.Build.0 = Debug|iPhone
		{599659B4-7124-4A44-9B17-499015EB10B3}.Debug|iPhone.Deploy.0 = Debug|iPhone
		{599659B4-7124-4A44-9B17-499015EB10B3}.Debug|iPhoneSimulator.ActiveCfg = Debug|iPhoneSimulator
		{599659B4-7124-4A44-9B17-499015EB10B3}.Debug|iPhoneSimulator.Build.0 = Debug|iPhoneSimulator
		{599659B4-7124-4A44-9B17-499015EB10B3}.Debug|iPhoneSimulator.Deploy.0 = Debug|iPhoneSimulator
		{599659B4-7124-4A44-9B17-499015EB10B3}.Debug|x64.ActiveCfg = Debug|iPhone
		{599659B4-7124-4A44-9B17-499015EB10B3}.Debug|x64.Build.0 = Debug|iPhone
		{599659B4-7124-4A44-9B17-499015EB10B3}.Debug|x64.Deploy.0 = Debug|iPhone
		{599659B4-7124-4A44-9B17-499015EB10B3}.Debug|x86.ActiveCfg = Debug|iPhone
		{599659B4-7124-4A44-9B17-499015EB10B3}.Debug|x86.Build.0 = Debug|iPhone
		{599659B4-7124-4A44-9B17-499015EB10B3}.Debug|x86.Deploy.0 = Debug|iPhone
		{599659B4-7124-4A44-9B17-499015EB10B3}.Release|Any CPU.ActiveCfg = Release|iPhone
		{599659B4-7124-4A44-9B17-499015EB10B3}.Release|Any CPU.Build.0 = Release|iPhone
		{599659B4-7124-4A44-9B17-499015EB10B3}.Release|Any CPU.Deploy.0 = Release|iPhone
		{599659B4-7124-4A44-9B17-499015EB10B3}.Release|ARM.ActiveCfg = Release|iPhone
		{599659B4-7124-4A44-9B17-499015EB10B3}.Release|ARM.Build.0 = Release|iPhone
		{599659B4-7124-4A44-9B17-499015EB10B3}.Release|ARM.Deploy.0 = Release|iPhone
		{599659B4-7124-4A44-9B17-499015EB10B3}.Release|iPhone.ActiveCfg = Release|iPhone
		{599659B4-7124-4A44-9B17-499015EB10B3}.Release|iPhone.Build.0 = Release|iPhone
		{599659B4-7124-4A44-9B17-499015EB10B3}.Release|iPhone.Deploy.0 = Release|iPhone
		{599659B4-7124-4A44-9B17-499015EB10B3}.Release|iPhoneSimulator.ActiveCfg = Release|iPhoneSimulator
		{599659B4-7124-4A44-9B17-499015EB10B3}.Release|iPhoneSimulator.Build.0 = Release|iPhoneSimulator
		{599659B4-7124-4A44-9B17-499015EB10B3}.Release|iPhoneSimulator.Deploy.0 = Release|iPhoneSimulator
		{599659B4-7124-4A44-9B17-499015EB10B3}.Release|x64.ActiveCfg = Release|iPhone
		{599659B4-7124-4A44-9B17-499015EB10B3}.Release|x64.Build.0 = Release|iPhone
		{599659B4-7124-4A44-9B17-499015EB10B3}.Release|x64.Deploy.0 = Release|iPhone
		{599659B4-7124-4A44-9B17-499015EB10B3}.Release|x86.ActiveCfg = Release|iPhone
		{599659B4-7124-4A44-9B17-499015EB10B3}.Release|x86.Build.0 = Release|iPhone
		{599659B4-7124-4A44-9B17-499015EB10B3}.Release|x86.Deploy.0 = Release|iPhone
		{6D4D122C-B148-4FB6-8A41-395DFF408489}.Ad-Hoc|Any CPU.ActiveCfg = Release|x86
		{6D4D122C-B148-4FB6-8A41-395DFF408489}.Ad-Hoc|Any CPU.Build.0 = Release|x86
		{6D4D122C-B148-4FB6-8A41-395DFF408489}.Ad-Hoc|Any CPU.Deploy.0 = Release|x86
		{6D4D122C-B148-4FB6-8A41-395DFF408489}.Ad-Hoc|ARM.ActiveCfg = Release|ARM
		{6D4D122C-B148-4FB6-8A41-395DFF408489}.Ad-Hoc|ARM.Build.0 = Release|ARM
		{6D4D122C-B148-4FB6-8A41-395DFF408489}.Ad-Hoc|ARM.Deploy.0 = Release|ARM
		{6D4D122C-B148-4FB6-8A41-395DFF408489}.Ad-Hoc|iPhone.ActiveCfg = Release|x86
		{6D4D122C-B148-4FB6-8A41-395DFF408489}.Ad-Hoc|iPhone.Build.0 = Release|x86
		{6D4D122C-B148-4FB6-8A41-395DFF408489}.Ad-Hoc|iPhone.Deploy.0 = Release|x86
		{6D4D122C-B148-4FB6-8A41-395DFF408489}.Ad-Hoc|iPhoneSimulator.ActiveCfg = Release|x86
		{6D4D122C-B148-4FB6-8A41-395DFF408489}.Ad-Hoc|iPhoneSimulator.Build.0 = Release|x86
		{6D4D122C-B148-4FB6-8A41-395DFF408489}.Ad-Hoc|iPhoneSimulator.Deploy.0 = Release|x86
		{6D4D122C-B148-4FB6-8A41-395DFF408489}.Ad-Hoc|x64.ActiveCfg = Release|x64
		{6D4D122C-B148-4FB6-8A41-395DFF408489}.Ad-Hoc|x64.Build.0 = Release|x64
		{6D4D122C-B148-4FB6-8A41-395DFF408489}.Ad-Hoc|x64.Deploy.0 = Release|x64
		{6D4D122C-B148-4FB6-8A41-395DFF408489}.Ad-Hoc|x86.ActiveCfg = Release|x86
		{6D4D122C-B148-4FB6-8A41-395DFF408489}.Ad-Hoc|x86.Build.0 = Release|x86
		{6D4D122C-B148-4FB6-8A41-395DFF408489}.Ad-Hoc|x86.Deploy.0 = Release|x86
		{6D4D122C-B148-4FB6-8A41-395DFF408489}.AppStore|Any CPU.ActiveCfg = Release|x86
		{6D4D122C-B148-4FB6-8A41-395DFF408489}.AppStore|Any CPU.Build.0 = Release|x86
		{6D4D122C-B148-4FB6-8A41-395DFF408489}.AppStore|Any CPU.Deploy.0 = Release|x86
		{6D4D122C-B148-4FB6-8A41-395DFF408489}.AppStore|ARM.ActiveCfg = Release|ARM
		{6D4D122C-B148-4FB6-8A41-395DFF408489}.AppStore|ARM.Build.0 = Release|ARM
		{6D4D122C-B148-4FB6-8A41-395DFF408489}.AppStore|ARM.Deploy.0 = Release|ARM
		{6D4D122C-B148-4FB6-8A41-395DFF408489}.AppStore|iPhone.ActiveCfg = Release|x86
		{6D4D122C-B148-4FB6-8A41-395DFF408489}.AppStore|iPhone.Build.0 = Release|x86
		{6D4D122C-B148-4FB6-8A41-395DFF408489}.AppStore|iPhone.Deploy.0 = Release|x86
		{6D4D122C-B148-4FB6-8A41-395DFF408489}.AppStore|iPhoneSimulator.ActiveCfg = Release|x86
		{6D4D122C-B148-4FB6-8A41-395DFF408489}.AppStore|iPhoneSimulator.Build.0 = Release|x86
		{6D4D122C-B148-4FB6-8A41-395DFF408489}.AppStore|iPhoneSimulator.Deploy.0 = Release|x86
		{6D4D122C-B148-4FB6-8A41-395DFF408489}.AppStore|x64.ActiveCfg = Release|x64
		{6D4D122C-B148-4FB6-8A41-395DFF408489}.AppStore|x64.Build.0 = Release|x64
		{6D4D122C-B148-4FB6-8A41-395DFF408489}.AppStore|x64.Deploy.0 = Release|x64
		{6D4D122C-B148-4FB6-8A41-395DFF408489}.AppStore|x86.ActiveCfg = Release|x86
		{6D4D122C-B148-4FB6-8A41-395DFF408489}.AppStore|x86.Build.0 = Release|x86
		{6D4D122C-B148-4FB6-8A41-395DFF408489}.AppStore|x86.Deploy.0 = Release|x86
		{6D4D122C-B148-4FB6-8A41-395DFF408489}.Debug|Any CPU.ActiveCfg = Debug|x86
		{6D4D122C-B148-4FB6-8A41-395DFF408489}.Debug|Any CPU.Build.0 = Debug|x86
		{6D4D122C-B148-4FB6-8A41-395DFF408489}.Debug|Any CPU.Deploy.0 = Debug|x86
		{6D4D122C-B148-4FB6-8A41-395DFF408489}.Debug|ARM.ActiveCfg = Debug|ARM
		{6D4D122C-B148-4FB6-8A41-395DFF408489}.Debug|ARM.Build.0 = Debug|ARM
		{6D4D122C-B148-4FB6-8A41-395DFF408489}.Debug|ARM.Deploy.0 = Debug|ARM
		{6D4D122C-B148-4FB6-8A41-395DFF408489}.Debug|iPhone.ActiveCfg = Debug|x86
		{6D4D122C-B148-4FB6-8A41-395DFF408489}.Debug|iPhone.Build.0 = Debug|x86
		{6D4D122C-B148-4FB6-8A41-395DFF408489}.Debug|iPhone.Deploy.0 = Debug|x86
		{6D4D122C-B148-4FB6-8A41-395DFF408489}.Debug|iPhoneSimulator.ActiveCfg = Debug|x86
		{6D4D122C-B148-4FB6-8A41-395DFF408489}.Debug|iPhoneSimulator.Build.0 = Debug|x86
		{6D4D122C-B148-4FB6-8A41-395DFF408489}.Debug|iPhoneSimulator.Deploy.0 = Debug|x86
		{6D4D122C-B148-4FB6-8A41-395DFF408489}.Debug|x64.ActiveCfg = Debug|x64
		{6D4D122C-B148-4FB6-8A41-395DFF408489}.Debug|x64.Build.0 = Debug|x64
		{6D4D122C-B148-4FB6-8A41-395DFF408489}.Debug|x64.Deploy.0 = Debug|x64
		{6D4D122C-B148-4FB6-8A41-395DFF408489}.Debug|x86.ActiveCfg = Debug|x86
		{6D4D122C-B148-4FB6-8A41-395DFF408489}.Debug|x86.Build.0 = Debug|x86
		{6D4D122C-B148-4FB6-8A41-395DFF408489}.Debug|x86.Deploy.0 = Debug|x86
		{6D4D122C-B148-4FB6-8A41-395DFF408489}.Release|Any CPU.ActiveCfg = Release|x86
		{6D4D122C-B148-4FB6-8A41-395DFF408489}.Release|Any CPU.Build.0 = Release|x86
		{6D4D122C-B148-4FB6-8A41-395DFF408489}.Release|Any CPU.Deploy.0 = Release|x86
		{6D4D122C-B148-4FB6-8A41-395DFF408489}.Release|ARM.ActiveCfg = Release|ARM
		{6D4D122C-B148-4FB6-8A41-395DFF408489}.Release|ARM.Build.0 = Release|ARM
		{6D4D122C-B148-4FB6-8A41-395DFF408489}.Release|ARM.Deploy.0 = Release|ARM
		{6D4D122C-B148-4FB6-8A41-395DFF408489}.Release|iPhone.ActiveCfg = Release|x86
		{6D4D122C-B148-4FB6-8A41-395DFF408489}.Release|iPhone.Build.0 = Release|x86
		{6D4D122C-B148-4FB6-8A41-395DFF408489}.Release|iPhone.Deploy.0 = Release|x86
		{6D4D122C-B148-4FB6-8A41-395DFF408489}.Release|iPhoneSimulator.ActiveCfg = Release|x86
		{6D4D122C-B148-4FB6-8A41-395DFF408489}.Release|iPhoneSimulator.Build.0 = Release|x86
		{6D4D122C-B148-4FB6-8A41-395DFF408489}.Release|iPhoneSimulator.Deploy.0 = Release|x86
		{6D4D122C-B148-4FB6-8A41-395DFF408489}.Release|x64.ActiveCfg = Release|x64
		{6D4D122C-B148-4FB6-8A41-395DFF408489}.Release|x64.Build.0 = Release|x64
		{6D4D122C-B148-4FB6-8A41-395DFF408489}.Release|x64.Deploy.0 = Release|x64
		{6D4D122C-B148-4FB6-8A41-395DFF408489}.Release|x86.ActiveCfg = Release|x86
		{6D4D122C-B148-4FB6-8A41-395DFF408489}.Release|x86.Build.0 = Release|x86
		{6D4D122C-B148-4FB6-8A41-395DFF408489}.Release|x86.Deploy.0 = Release|x86
		{D1058C87-0F68-4B7A-881C-91A4B21CF6E0}.Ad-Hoc|Any CPU.ActiveCfg = Debug|Any CPU
		{D1058C87-0F68-4B7A-881C-91A4B21CF6E0}.Ad-Hoc|Any CPU.Build.0 = Debug|Any CPU
		{D1058C87-0F68-4B7A-881C-91A4B21CF6E0}.Ad-Hoc|Any CPU.Deploy.0 = Debug|Any CPU
		{D1058C87-0F68-4B7A-881C-91A4B21CF6E0}.Ad-Hoc|ARM.ActiveCfg = Debug|Any CPU
		{D1058C87-0F68-4B7A-881C-91A4B21CF6E0}.Ad-Hoc|ARM.Build.0 = Debug|Any CPU
		{D1058C87-0F68-4B7A-881C-91A4B21CF6E0}.Ad-Hoc|ARM.Deploy.0 = Debug|Any CPU
		{D1058C87-0F68-4B7A-881C-91A4B21CF6E0}.Ad-Hoc|iPhone.ActiveCfg = Debug|Any CPU
		{D1058C87-0F68-4B7A-881C-91A4B21CF6E0}.Ad-Hoc|iPhone.Build.0 = Debug|Any CPU
		{D1058C87-0F68-4B7A-881C-91A4B21CF6E0}.Ad-Hoc|iPhone.Deploy.0 = Debug|Any CPU
		{D1058C87-0F68-4B7A-881C-91A4B21CF6E0}.Ad-Hoc|iPhoneSimulator.ActiveCfg = Debug|Any CPU
		{D1058C87-0F68-4B7A-881C-91A4B21CF6E0}.Ad-Hoc|iPhoneSimulator.Build.0 = Debug|Any CPU
		{D1058C87-0F68-4B7A-881C-91A4B21CF6E0}.Ad-Hoc|iPhoneSimulator.Deploy.0 = Debug|Any CPU
		{D1058C87-0F68-4B7A-881C-91A4B21CF6E0}.Ad-Hoc|x64.ActiveCfg = Debug|Any CPU
		{D1058C87-0F68-4B7A-881C-91A4B21CF6E0}.Ad-Hoc|x64.Build.0 = Debug|Any CPU
		{D1058C87-0F68-4B7A-881C-91A4B21CF6E0}.Ad-Hoc|x64.Deploy.0 = Debug|Any CPU
		{D1058C87-0F68-4B7A-881C-91A4B21CF6E0}.Ad-Hoc|x86.ActiveCfg = Debug|Any CPU
		{D1058C87-0F68-4B7A-881C-91A4B21CF6E0}.Ad-Hoc|x86.Build.0 = Debug|Any CPU
		{D1058C87-0F68-4B7A-881C-91A4B21CF6E0}.Ad-Hoc|x86.Deploy.0 = Debug|Any CPU
		{D1058C87-0F68-4B7A-881C-91A4B21CF6E0}.AppStore|Any CPU.ActiveCfg = Debug|Any CPU
		{D1058C87-0F68-4B7A-881C-91A4B21CF6E0}.AppStore|Any CPU.Build.0 = Debug|Any CPU
		{D1058C87-0F68-4B7A-881C-91A4B21CF6E0}.AppStore|Any CPU.Deploy.0 = Debug|Any CPU
		{D1058C87-0F68-4B7A-881C-91A4B21CF6E0}.AppStore|ARM.ActiveCfg = Debug|Any CPU
		{D1058C87-0F68-4B7A-881C-91A4B21CF6E0}.AppStore|ARM.Build.0 = Debug|Any CPU
		{D1058C87-0F68-4B7A-881C-91A4B21CF6E0}.AppStore|ARM.Deploy.0 = Debug|Any CPU
		{D1058C87-0F68-4B7A-881C-91A4B21CF6E0}.AppStore|iPhone.ActiveCfg = Debug|Any CPU
		{D1058C87-0F68-4B7A-881C-91A4B21CF6E0}.AppStore|iPhone.Build.0 = Debug|Any CPU
		{D1058C87-0F68-4B7A-881C-91A4B21CF6E0}.AppStore|iPhone.Deploy.0 = Debug|Any CPU
		{D1058C87-0F68-4B7A-881C-91A4B21CF6E0}.AppStore|iPhoneSimulator.ActiveCfg = Debug|Any CPU
		{D1058C87-0F68-4B7A-881C-91A4B21CF6E0}.AppStore|iPhoneSimulator.Build.0 = Debug|Any CPU
		{D1058C87-0F68-4B7A-881C-91A4B21CF6E0}.AppStore|iPhoneSimulator.Deploy.0 = Debug|Any CPU
		{D1058C87-0F68-4B7A-881C-91A4B21CF6E0}.AppStore|x64.ActiveCfg = Debug|Any CPU
		{D1058C87-0F68-4B7A-881C-91A4B21CF6E0}.AppStore|x64.Build.0 = Debug|Any CPU
		{D1058C87-0F68-4B7A-881C-91A4B21CF6E0}.AppStore|x64.Deploy.0 = Debug|Any CPU
		{D1058C87-0F68-4B7A-881C-91A4B21CF6E0}.AppStore|x86.ActiveCfg = Debug|Any CPU
		{D1058C87-0F68-4B7A-881C-91A4B21CF6E0}.AppStore|x86.Build.0 = Debug|Any CPU
		{D1058C87-0F68-4B7A-881C-91A4B21CF6E0}.AppStore|x86.Deploy.0 = Debug|Any CPU
		{D1058C87-0F68-4B7A-881C-91A4B21CF6E0}.Debug|Any CPU.ActiveCfg = Debug|Any CPU
		{D1058C87-0F68-4B7A-881C-91A4B21CF6E0}.Debug|Any CPU.Build.0 = Debug|Any CPU
		{D1058C87-0F68-4B7A-881C-91A4B21CF6E0}.Debug|Any CPU.Deploy.0 = Debug|Any CPU
		{D1058C87-0F68-4B7A-881C-91A4B21CF6E0}.Debug|ARM.ActiveCfg = Debug|Any CPU
		{D1058C87-0F68-4B7A-881C-91A4B21CF6E0}.Debug|ARM.Build.0 = Debug|Any CPU
		{D1058C87-0F68-4B7A-881C-91A4B21CF6E0}.Debug|ARM.Deploy.0 = Debug|Any CPU
		{D1058C87-0F68-4B7A-881C-91A4B21CF6E0}.Debug|iPhone.ActiveCfg = Debug|Any CPU
		{D1058C87-0F68-4B7A-881C-91A4B21CF6E0}.Debug|iPhone.Build.0 = Debug|Any CPU
		{D1058C87-0F68-4B7A-881C-91A4B21CF6E0}.Debug|iPhone.Deploy.0 = Debug|Any CPU
		{D1058C87-0F68-4B7A-881C-91A4B21CF6E0}.Debug|iPhoneSimulator.ActiveCfg = Debug|Any CPU
		{D1058C87-0F68-4B7A-881C-91A4B21CF6E0}.Debug|iPhoneSimulator.Build.0 = Debug|Any CPU
		{D1058C87-0F68-4B7A-881C-91A4B21CF6E0}.Debug|iPhoneSimulator.Deploy.0 = Debug|Any CPU
		{D1058C87-0F68-4B7A-881C-91A4B21CF6E0}.Debug|x64.ActiveCfg = Debug|Any CPU
		{D1058C87-0F68-4B7A-881C-91A4B21CF6E0}.Debug|x64.Build.0 = Debug|Any CPU
		{D1058C87-0F68-4B7A-881C-91A4B21CF6E0}.Debug|x64.Deploy.0 = Debug|Any CPU
		{D1058C87-0F68-4B7A-881C-91A4B21CF6E0}.Debug|x86.ActiveCfg = Debug|Any CPU
		{D1058C87-0F68-4B7A-881C-91A4B21CF6E0}.Debug|x86.Build.0 = Debug|Any CPU
		{D1058C87-0F68-4B7A-881C-91A4B21CF6E0}.Debug|x86.Deploy.0 = Debug|Any CPU
		{D1058C87-0F68-4B7A-881C-91A4B21CF6E0}.Release|Any CPU.ActiveCfg = Release|Any CPU
		{D1058C87-0F68-4B7A-881C-91A4B21CF6E0}.Release|Any CPU.Build.0 = Release|Any CPU
		{D1058C87-0F68-4B7A-881C-91A4B21CF6E0}.Release|Any CPU.Deploy.0 = Release|Any CPU
		{D1058C87-0F68-4B7A-881C-91A4B21CF6E0}.Release|ARM.ActiveCfg = Release|Any CPU
		{D1058C87-0F68-4B7A-881C-91A4B21CF6E0}.Release|ARM.Build.0 = Release|Any CPU
		{D1058C87-0F68-4B7A-881C-91A4B21CF6E0}.Release|ARM.Deploy.0 = Release|Any CPU
		{D1058C87-0F68-4B7A-881C-91A4B21CF6E0}.Release|iPhone.ActiveCfg = Release|Any CPU
		{D1058C87-0F68-4B7A-881C-91A4B21CF6E0}.Release|iPhone.Build.0 = Release|Any CPU
		{D1058C87-0F68-4B7A-881C-91A4B21CF6E0}.Release|iPhone.Deploy.0 = Release|Any CPU
		{D1058C87-0F68-4B7A-881C-91A4B21CF6E0}.Release|iPhoneSimulator.ActiveCfg = Release|Any CPU
		{D1058C87-0F68-4B7A-881C-91A4B21CF6E0}.Release|iPhoneSimulator.Build.0 = Release|Any CPU
		{D1058C87-0F68-4B7A-881C-91A4B21CF6E0}.Release|iPhoneSimulator.Deploy.0 = Release|Any CPU
		{D1058C87-0F68-4B7A-881C-91A4B21CF6E0}.Release|x64.ActiveCfg = Release|Any CPU
		{D1058C87-0F68-4B7A-881C-91A4B21CF6E0}.Release|x64.Build.0 = Release|Any CPU
		{D1058C87-0F68-4B7A-881C-91A4B21CF6E0}.Release|x64.Deploy.0 = Release|Any CPU
		{D1058C87-0F68-4B7A-881C-91A4B21CF6E0}.Release|x86.ActiveCfg = Release|Any CPU
		{D1058C87-0F68-4B7A-881C-91A4B21CF6E0}.Release|x86.Build.0 = Release|Any CPU
		{D1058C87-0F68-4B7A-881C-91A4B21CF6E0}.Release|x86.Deploy.0 = Release|Any CPU
	EndGlobalSection
	GlobalSection(SolutionProperties) = preSolution
		HideSolutionNode = FALSE
	EndGlobalSection
	GlobalSection(ExtensibilityGlobals) = postSolution
		SolutionGuid = {20BDE545-5C27-4149-B44E-253594009ABA}
	EndGlobalSection
EndGlobal
